
Microsoft Visual Studio Solution File, Format Version 12.00
# Visual Studio Version 17
VisualStudioVersion = 17.8.34601.278
MinimumVisualStudioVersion = 10.0.40219.1
Project("{FAE04EC0-301F-11D3-BF4B-00C04F79EFBC}") = "Dating.API", "Dating.API\Dating.API.csproj", "{09DF0F08-F0DF-43B7-A028-B069598777F1}"
EndProject
Global
	GlobalSection(SolutionConfigurationPlatforms) = preSolution
		Debug|Any CPU = Debug|Any CPU
		Release|Any CPU = Release|Any CPU
	EndGlobalSection
	GlobalSection(ProjectConfigurationPlatforms) = postSolution
		{09DF0F08-F0DF-43B7-A028-B069598777F1}.Debug|Any CPU.ActiveCfg = Debug|Any CPU
		{09DF0F08-F0DF-43B7-A028-B069598777F1}.Debug|Any CPU.Build.0 = Debug|Any CPU
		{09DF0F08-F0DF-43B7-A028-B069598777F1}.Release|Any CPU.ActiveCfg = Release|Any CPU
		{09DF0F08-F0DF-43B7-A028-B069598777F1}.Release|Any CPU.Build.0 = Release|Any CPU
	EndGlobalSection
	GlobalSection(SolutionProperties) = preSolution
		HideSolutionNode = FALSE
	EndGlobalSection
	GlobalSection(ExtensibilityGlobals) = postSolution
		SolutionGuid = {7DD8A204-9152-4806-B57A-961F14DF6717}
	EndGlobalSection
EndGlobal
